// !$*UTF8*$!
{
	archiveVersion = 1;
	classes = {
	};
	objectVersion = 56;
	objects = {

/* Begin PBXBuildFile section */
		8EF136242C7E1F7400963BBA /* SparTestAppApp.swift in Sources */ = {isa = PBXBuildFile; fileRef = 8EF136002C7E1F7300963BBA /* SparTestAppApp.swift */; };
		8EF136252C7E1F7400963BBA /* Container.swift in Sources */ = {isa = PBXBuildFile; fileRef = 8EF136012C7E1F7300963BBA /* Container.swift */; };
		8EF136262C7E1F7400963BBA /* FetchDataServiceProtocol.swift in Sources */ = {isa = PBXBuildFile; fileRef = 8EF136022C7E1F7300963BBA /* FetchDataServiceProtocol.swift */; };
		8EF136272C7E1F7400963BBA /* MockFetchDataService.swift in Sources */ = {isa = PBXBuildFile; fileRef = 8EF136032C7E1F7300963BBA /* MockFetchDataService.swift */; };
		8EF136282C7E1F7400963BBA /* UISystem in Resources */ = {isa = PBXBuildFile; fileRef = 8EF136052C7E1F7300963BBA /* UISystem */; };
		8EF136292C7E1F7400963BBA /* Assets.xcassets in Resources */ = {isa = PBXBuildFile; fileRef = 8EF136062C7E1F7400963BBA /* Assets.xcassets */; };
		8EF1362A2C7E1F7400963BBA /* CartScreen.swift in Sources */ = {isa = PBXBuildFile; fileRef = 8EF136072C7E1F7400963BBA /* CartScreen.swift */; };
		8EF1362B2C7E1F7400963BBA /* GridCardView.swift in Sources */ = {isa = PBXBuildFile; fileRef = 8EF136082C7E1F7400963BBA /* GridCardView.swift */; };
		8EF1362C2C7E1F7400963BBA /* ItemsScreen.swift in Sources */ = {isa = PBXBuildFile; fileRef = 8EF136092C7E1F7400963BBA /* ItemsScreen.swift */; };
		8EF1362D2C7E1F7400963BBA /* ListCardView.swift in Sources */ = {isa = PBXBuildFile; fileRef = 8EF1360A2C7E1F7400963BBA /* ListCardView.swift */; };
		8EF1362E2C7E1F7400963BBA /* PriceWithDoscountView.swift in Sources */ = {isa = PBXBuildFile; fileRef = 8EF1360B2C7E1F7400963BBA /* PriceWithDoscountView.swift */; };
		8EF1362F2C7E1F7400963BBA /* QuantitySelectorView.swift in Sources */ = {isa = PBXBuildFile; fileRef = 8EF1360C2C7E1F7400963BBA /* QuantitySelectorView.swift */; };
		8EF136302C7E1F7400963BBA /* RoundedCornerView.swift in Sources */ = {isa = PBXBuildFile; fileRef = 8EF1360D2C7E1F7400963BBA /* RoundedCornerView.swift */; };
		8EF136312C7E1F7400963BBA /* TagView.swift in Sources */ = {isa = PBXBuildFile; fileRef = 8EF1360E2C7E1F7400963BBA /* TagView.swift */; };
		8EF136322C7E1F7400963BBA /* String+Extension.swift in Sources */ = {isa = PBXBuildFile; fileRef = 8EF136102C7E1F7400963BBA /* String+Extension.swift */; };
		8EF136332C7E1F7400963BBA /* View+Extension.swift in Sources */ = {isa = PBXBuildFile; fileRef = 8EF136112C7E1F7400963BBA /* View+Extension.swift */; };
		8EF136342C7E1F7400963BBA /* CeraRoundPro-Bold.otf in Resources */ = {isa = PBXBuildFile; fileRef = 8EF136132C7E1F7400963BBA /* CeraRoundPro-Bold.otf */; };
		8EF136352C7E1F7400963BBA /* Localizable.strings in Resources */ = {isa = PBXBuildFile; fileRef = 8EF136162C7E1F7400963BBA /* Localizable.strings */; };
		8EF136362C7E1F7400963BBA /* Localizable.strings in Resources */ = {isa = PBXBuildFile; fileRef = 8EF136182C7E1F7400963BBA /* Localizable.strings */; };
		8EF136372C7E1F7400963BBA /* Constants.swift in Sources */ = {isa = PBXBuildFile; fileRef = 8EF1361A2C7E1F7400963BBA /* Constants.swift */; };
		8EF136382C7E1F7400963BBA /* ItemCartModel.swift in Sources */ = {isa = PBXBuildFile; fileRef = 8EF1361D2C7E1F7400963BBA /* ItemCartModel.swift */; };
		8EF136392C7E1F7400963BBA /* ItemModel.swift in Sources */ = {isa = PBXBuildFile; fileRef = 8EF1361E2C7E1F7400963BBA /* ItemModel.swift */; };
		8EF1363B2C7E1F7400963BBA /* ItemViewModel.swift in Sources */ = {isa = PBXBuildFile; fileRef = 8EF136222C7E1F7400963BBA /* ItemViewModel.swift */; };
		8EF136462C7E22FB00963BBA /* Preview Assets.xcassets in Resources */ = {isa = PBXBuildFile; fileRef = 8EF136442C7E22FB00963BBA /* Preview Assets.xcassets */; };
		8EF136482C7E231C00963BBA /* UISystem in Frameworks */ = {isa = PBXBuildFile; productRef = 8EF136472C7E231C00963BBA /* UISystem */; };
		8EF1364B2C7E237400963BBA /* Swinject in Frameworks */ = {isa = PBXBuildFile; productRef = 8EF1364A2C7E237400963BBA /* Swinject */; };
/* End PBXBuildFile section */

/* Begin PBXFileReference section */
		8EF135ED2C7E1D8300963BBA /* SparTestApp.app */ = {isa = PBXFileReference; explicitFileType = wrapper.application; includeInIndex = 0; path = SparTestApp.app; sourceTree = BUILT_PRODUCTS_DIR; };
		8EF136002C7E1F7300963BBA /* SparTestAppApp.swift */ = {isa = PBXFileReference; fileEncoding = 4; lastKnownFileType = sourcecode.swift; path = SparTestAppApp.swift; sourceTree = "<group>"; };
		8EF136012C7E1F7300963BBA /* Container.swift */ = {isa = PBXFileReference; fileEncoding = 4; lastKnownFileType = sourcecode.swift; path = Container.swift; sourceTree = "<group>"; };
		8EF136022C7E1F7300963BBA /* FetchDataServiceProtocol.swift */ = {isa = PBXFileReference; fileEncoding = 4; lastKnownFileType = sourcecode.swift; path = FetchDataServiceProtocol.swift; sourceTree = "<group>"; };
		8EF136032C7E1F7300963BBA /* MockFetchDataService.swift */ = {isa = PBXFileReference; fileEncoding = 4; lastKnownFileType = sourcecode.swift; path = MockFetchDataService.swift; sourceTree = "<group>"; };
		8EF136052C7E1F7300963BBA /* UISystem */ = {isa = PBXFileReference; lastKnownFileType = wrapper; path = UISystem; sourceTree = "<group>"; };
		8EF136062C7E1F7400963BBA /* Assets.xcassets */ = {isa = PBXFileReference; lastKnownFileType = folder.assetcatalog; name = Assets.xcassets; path = "../../Spar Online TestApp/Spar Online TestApp/Assets.xcassets"; sourceTree = "<group>"; };
		8EF136072C7E1F7400963BBA /* CartScreen.swift */ = {isa = PBXFileReference; fileEncoding = 4; lastKnownFileType = sourcecode.swift; path = CartScreen.swift; sourceTree = "<group>"; };
		8EF136082C7E1F7400963BBA /* GridCardView.swift */ = {isa = PBXFileReference; fileEncoding = 4; lastKnownFileType = sourcecode.swift; path = GridCardView.swift; sourceTree = "<group>"; };
		8EF136092C7E1F7400963BBA /* ItemsScreen.swift */ = {isa = PBXFileReference; fileEncoding = 4; lastKnownFileType = sourcecode.swift; path = ItemsScreen.swift; sourceTree = "<group>"; };
		8EF1360A2C7E1F7400963BBA /* ListCardView.swift */ = {isa = PBXFileReference; fileEncoding = 4; lastKnownFileType = sourcecode.swift; path = ListCardView.swift; sourceTree = "<group>"; };
		8EF1360B2C7E1F7400963BBA /* PriceWithDoscountView.swift */ = {isa = PBXFileReference; fileEncoding = 4; lastKnownFileType = sourcecode.swift; path = PriceWithDoscountView.swift; sourceTree = "<group>"; };
		8EF1360C2C7E1F7400963BBA /* QuantitySelectorView.swift */ = {isa = PBXFileReference; fileEncoding = 4; lastKnownFileType = sourcecode.swift; path = QuantitySelectorView.swift; sourceTree = "<group>"; };
		8EF1360D2C7E1F7400963BBA /* RoundedCornerView.swift */ = {isa = PBXFileReference; fileEncoding = 4; lastKnownFileType = sourcecode.swift; path = RoundedCornerView.swift; sourceTree = "<group>"; };
		8EF1360E2C7E1F7400963BBA /* TagView.swift */ = {isa = PBXFileReference; fileEncoding = 4; lastKnownFileType = sourcecode.swift; path = TagView.swift; sourceTree = "<group>"; };
		8EF136102C7E1F7400963BBA /* String+Extension.swift */ = {isa = PBXFileReference; fileEncoding = 4; lastKnownFileType = sourcecode.swift; path = "String+Extension.swift"; sourceTree = "<group>"; };
		8EF136112C7E1F7400963BBA /* View+Extension.swift */ = {isa = PBXFileReference; fileEncoding = 4; lastKnownFileType = sourcecode.swift; path = "View+Extension.swift"; sourceTree = "<group>"; };
		8EF136132C7E1F7400963BBA /* CeraRoundPro-Bold.otf */ = {isa = PBXFileReference; lastKnownFileType = file; path = "CeraRoundPro-Bold.otf"; sourceTree = "<group>"; };
		8EF136152C7E1F7400963BBA /* en */ = {isa = PBXFileReference; lastKnownFileType = text.plist.strings; name = en; path = en.lproj/Localizable.strings; sourceTree = "<group>"; };
		8EF136172C7E1F7400963BBA /* ru */ = {isa = PBXFileReference; lastKnownFileType = text.plist.strings; name = ru; path = ru.lproj/Localizable.strings; sourceTree = "<group>"; };
		8EF1361A2C7E1F7400963BBA /* Constants.swift */ = {isa = PBXFileReference; fileEncoding = 4; lastKnownFileType = sourcecode.swift; path = Constants.swift; sourceTree = "<group>"; };
		8EF1361C2C7E1F7400963BBA /* SparTestAppApp.entitlements */ = {isa = PBXFileReference; fileEncoding = 4; lastKnownFileType = text.plist.entitlements; path = SparTestAppApp.entitlements; sourceTree = "<group>"; };
		8EF1361D2C7E1F7400963BBA /* ItemCartModel.swift */ = {isa = PBXFileReference; fileEncoding = 4; lastKnownFileType = sourcecode.swift; path = ItemCartModel.swift; sourceTree = "<group>"; };
		8EF1361E2C7E1F7400963BBA /* ItemModel.swift */ = {isa = PBXFileReference; fileEncoding = 4; lastKnownFileType = sourcecode.swift; path = ItemModel.swift; sourceTree = "<group>"; };
		8EF136222C7E1F7400963BBA /* ItemViewModel.swift */ = {isa = PBXFileReference; fileEncoding = 4; lastKnownFileType = sourcecode.swift; path = ItemViewModel.swift; sourceTree = "<group>"; };
		8EF136442C7E22FB00963BBA /* Preview Assets.xcassets */ = {isa = PBXFileReference; lastKnownFileType = folder.assetcatalog; path = "Preview Assets.xcassets"; sourceTree = "<group>"; };
/* End PBXFileReference section */

/* Begin PBXFrameworksBuildPhase section */
		8EF135EA2C7E1D8300963BBA /* Frameworks */ = {
			isa = PBXFrameworksBuildPhase;
			buildActionMask = 2147483647;
			files = (
				8EF136482C7E231C00963BBA /* UISystem in Frameworks */,
				8EF1364B2C7E237400963BBA /* Swinject in Frameworks */,
			);
			runOnlyForDeploymentPostprocessing = 0;
		};
/* End PBXFrameworksBuildPhase section */

/* Begin PBXGroup section */
		8EF135E42C7E1D8300963BBA = {
			isa = PBXGroup;
			children = (
				8EF135EF2C7E1D8300963BBA /* SparTestApp */,
				8EF136452C7E22FB00963BBA /* Preview Content */,
				8EF135EE2C7E1D8300963BBA /* Products */,
				8EF136492C7E237400963BBA /* Frameworks */,
			);
			sourceTree = "<group>";
		};
		8EF135EE2C7E1D8300963BBA /* Products */ = {
			isa = PBXGroup;
			children = (
				8EF135ED2C7E1D8300963BBA /* SparTestApp.app */,
			);
			name = Products;
			sourceTree = "<group>";
		};
		8EF135EF2C7E1D8300963BBA /* SparTestApp */ = {
			isa = PBXGroup;
			children = (
				8EF136002C7E1F7300963BBA /* SparTestAppApp.swift */,
				8EF1361C2C7E1F7400963BBA /* SparTestAppApp.entitlements */,
				8EF136062C7E1F7400963BBA /* Assets.xcassets */,
				8EF1361B2C7E1F7400963BBA /* Common */,
				8EF1361F2C7E1F7400963BBA /* Model */,
				8EF136232C7E1F7400963BBA /* ViewModel */,
				8EF1360F2C7E1F7400963BBA /* Views */,
				8EF136042C7E1F7300963BBA /* Service */,
				8EF136052C7E1F7300963BBA /* UISystem */,
			);
			path = SparTestApp;
			sourceTree = "<group>";
		};
		8EF136042C7E1F7300963BBA /* Service */ = {
			isa = PBXGroup;
			children = (
				8EF136012C7E1F7300963BBA /* Container.swift */,
				8EF136022C7E1F7300963BBA /* FetchDataServiceProtocol.swift */,
				8EF136032C7E1F7300963BBA /* MockFetchDataService.swift */,
			);
			path = Service;
			sourceTree = "<group>";
		};
		8EF1360F2C7E1F7400963BBA /* Views */ = {
			isa = PBXGroup;
			children = (
				8EF136072C7E1F7400963BBA /* CartScreen.swift */,
				8EF136082C7E1F7400963BBA /* GridCardView.swift */,
				8EF136092C7E1F7400963BBA /* ItemsScreen.swift */,
				8EF1360A2C7E1F7400963BBA /* ListCardView.swift */,
				8EF1360B2C7E1F7400963BBA /* PriceWithDoscountView.swift */,
				8EF1360C2C7E1F7400963BBA /* QuantitySelectorView.swift */,
				8EF1360D2C7E1F7400963BBA /* RoundedCornerView.swift */,
				8EF1360E2C7E1F7400963BBA /* TagView.swift */,
			);
			path = Views;
			sourceTree = "<group>";
		};
		8EF136122C7E1F7400963BBA /* Extensions */ = {
			isa = PBXGroup;
			children = (
				8EF136102C7E1F7400963BBA /* String+Extension.swift */,
				8EF136112C7E1F7400963BBA /* View+Extension.swift */,
			);
			path = Extensions;
			sourceTree = "<group>";
		};
		8EF136142C7E1F7400963BBA /* Fonts */ = {
			isa = PBXGroup;
			children = (
				8EF136132C7E1F7400963BBA /* CeraRoundPro-Bold.otf */,
			);
			path = Fonts;
			sourceTree = "<group>";
		};
		8EF136192C7E1F7400963BBA /* Localized */ = {
			isa = PBXGroup;
			children = (
				8EF136162C7E1F7400963BBA /* Localizable.strings */,
				8EF136182C7E1F7400963BBA /* Localizable.strings */,
			);
			path = Localized;
			sourceTree = "<group>";
		};
		8EF1361B2C7E1F7400963BBA /* Common */ = {
			isa = PBXGroup;
			children = (
				8EF136122C7E1F7400963BBA /* Extensions */,
				8EF136142C7E1F7400963BBA /* Fonts */,
				8EF136192C7E1F7400963BBA /* Localized */,
				8EF1361A2C7E1F7400963BBA /* Constants.swift */,
			);
			path = Common;
			sourceTree = "<group>";
		};
		8EF1361F2C7E1F7400963BBA /* Model */ = {
			isa = PBXGroup;
			children = (
				8EF1361D2C7E1F7400963BBA /* ItemCartModel.swift */,
				8EF1361E2C7E1F7400963BBA /* ItemModel.swift */,
			);
			path = Model;
			sourceTree = "<group>";
		};
		8EF136232C7E1F7400963BBA /* ViewModel */ = {
			isa = PBXGroup;
			children = (
				8EF136222C7E1F7400963BBA /* ItemViewModel.swift */,
			);
			path = ViewModel;
			sourceTree = "<group>";
		};
		8EF136452C7E22FB00963BBA /* Preview Content */ = {
			isa = PBXGroup;
			children = (
				8EF136442C7E22FB00963BBA /* Preview Assets.xcassets */,
			);
			path = "Preview Content";
			sourceTree = "<group>";
		};
		8EF136492C7E237400963BBA /* Frameworks */ = {
			isa = PBXGroup;
			children = (
			);
			name = Frameworks;
			sourceTree = "<group>";
		};
/* End PBXGroup section */

/* Begin PBXNativeTarget section */
		8EF135EC2C7E1D8300963BBA /* SparTestApp */ = {
			isa = PBXNativeTarget;
			buildConfigurationList = 8EF135FB2C7E1D8500963BBA /* Build configuration list for PBXNativeTarget "SparTestApp" */;
			buildPhases = (
				8EF135E92C7E1D8300963BBA /* Sources */,
				8EF135EA2C7E1D8300963BBA /* Frameworks */,
				8EF135EB2C7E1D8300963BBA /* Resources */,
			);
			buildRules = (
			);
			dependencies = (
			);
			name = SparTestApp;
			packageProductDependencies = (
				8EF136472C7E231C00963BBA /* UISystem */,
				8EF1364A2C7E237400963BBA /* Swinject */,
			);
			productName = SparTestApp;
			productReference = 8EF135ED2C7E1D8300963BBA /* SparTestApp.app */;
			productType = "com.apple.product-type.application";
		};
/* End PBXNativeTarget section */

/* Begin PBXProject section */
		8EF135E52C7E1D8300963BBA /* Project object */ = {
			isa = PBXProject;
			attributes = {
				BuildIndependentTargetsInParallel = 1;
				LastSwiftUpdateCheck = 1540;
				LastUpgradeCheck = 1540;
				TargetAttributes = {
					8EF135EC2C7E1D8300963BBA = {
						CreatedOnToolsVersion = 15.4;
					};
				};
			};
			buildConfigurationList = 8EF135E82C7E1D8300963BBA /* Build configuration list for PBXProject "SparTestApp" */;
			compatibilityVersion = "Xcode 14.0";
			developmentRegion = en;
			hasScannedForEncodings = 0;
			knownRegions = (
				en,
				Base,
				ru,
			);
			mainGroup = 8EF135E42C7E1D8300963BBA;
			packageReferences = (
				8EF135FE2C7E1EAF00963BBA /* XCRemoteSwiftPackageReference "UISystem" */,
				8EF135FF2C7E1EB800963BBA /* XCRemoteSwiftPackageReference "Swinject" */,
			);
			productRefGroup = 8EF135EE2C7E1D8300963BBA /* Products */;
			projectDirPath = "";
			projectRoot = "";
			targets = (
				8EF135EC2C7E1D8300963BBA /* SparTestApp */,
			);
		};
/* End PBXProject section */

/* Begin PBXResourcesBuildPhase section */
		8EF135EB2C7E1D8300963BBA /* Resources */ = {
			isa = PBXResourcesBuildPhase;
			buildActionMask = 2147483647;
			files = (
				8EF136352C7E1F7400963BBA /* Localizable.strings in Resources */,
				8EF136362C7E1F7400963BBA /* Localizable.strings in Resources */,
				8EF136342C7E1F7400963BBA /* CeraRoundPro-Bold.otf in Resources */,
				8EF136292C7E1F7400963BBA /* Assets.xcassets in Resources */,
				8EF136462C7E22FB00963BBA /* Preview Assets.xcassets in Resources */,
				8EF136282C7E1F7400963BBA /* UISystem in Resources */,
			);
			runOnlyForDeploymentPostprocessing = 0;
		};
/* End PBXResourcesBuildPhase section */

/* Begin PBXSourcesBuildPhase section */
		8EF135E92C7E1D8300963BBA /* Sources */ = {
			isa = PBXSourcesBuildPhase;
			buildActionMask = 2147483647;
			files = (
				8EF1362D2C7E1F7400963BBA /* ListCardView.swift in Sources */,
				8EF136372C7E1F7400963BBA /* Constants.swift in Sources */,
				8EF136392C7E1F7400963BBA /* ItemModel.swift in Sources */,
				8EF1362E2C7E1F7400963BBA /* PriceWithDoscountView.swift in Sources */,
				8EF136332C7E1F7400963BBA /* View+Extension.swift in Sources */,
				8EF136382C7E1F7400963BBA /* ItemCartModel.swift in Sources */,
				8EF1362C2C7E1F7400963BBA /* ItemsScreen.swift in Sources */,
				8EF1362B2C7E1F7400963BBA /* GridCardView.swift in Sources */,
				8EF136242C7E1F7400963BBA /* SparTestAppApp.swift in Sources */,
				8EF136302C7E1F7400963BBA /* RoundedCornerView.swift in Sources */,
				8EF136262C7E1F7400963BBA /* FetchDataServiceProtocol.swift in Sources */,
				8EF136272C7E1F7400963BBA /* MockFetchDataService.swift in Sources */,
				8EF136252C7E1F7400963BBA /* Container.swift in Sources */,
				8EF1363B2C7E1F7400963BBA /* ItemViewModel.swift in Sources */,
				8EF1362F2C7E1F7400963BBA /* QuantitySelectorView.swift in Sources */,
				8EF1362A2C7E1F7400963BBA /* CartScreen.swift in Sources */,
				8EF136312C7E1F7400963BBA /* TagView.swift in Sources */,
				8EF136322C7E1F7400963BBA /* String+Extension.swift in Sources */,
			);
			runOnlyForDeploymentPostprocessing = 0;
		};
/* End PBXSourcesBuildPhase section */

/* Begin PBXVariantGroup section */
		8EF136162C7E1F7400963BBA /* Localizable.strings */ = {
			isa = PBXVariantGroup;
			children = (
				8EF136152C7E1F7400963BBA /* en */,
			);
			name = Localizable.strings;
			sourceTree = "<group>";
		};
		8EF136182C7E1F7400963BBA /* Localizable.strings */ = {
			isa = PBXVariantGroup;
			children = (
				8EF136172C7E1F7400963BBA /* ru */,
			);
			name = Localizable.strings;
			sourceTree = "<group>";
		};
/* End PBXVariantGroup section */

/* Begin XCBuildConfiguration section */
		8EF135F92C7E1D8500963BBA /* Debug */ = {
			isa = XCBuildConfiguration;
			buildSettings = {
				ALWAYS_SEARCH_USER_PATHS = NO;
				ASSETCATALOG_COMPILER_GENERATE_SWIFT_ASSET_SYMBOL_EXTENSIONS = YES;
				CLANG_ANALYZER_NONNULL = YES;
				CLANG_ANALYZER_NUMBER_OBJECT_CONVERSION = YES_AGGRESSIVE;
				CLANG_CXX_LANGUAGE_STANDARD = "gnu++20";
				CLANG_ENABLE_MODULES = YES;
				CLANG_ENABLE_OBJC_ARC = YES;
				CLANG_ENABLE_OBJC_WEAK = YES;
				CLANG_WARN_BLOCK_CAPTURE_AUTORELEASING = YES;
				CLANG_WARN_BOOL_CONVERSION = YES;
				CLANG_WARN_COMMA = YES;
				CLANG_WARN_CONSTANT_CONVERSION = YES;
				CLANG_WARN_DEPRECATED_OBJC_IMPLEMENTATIONS = YES;
				CLANG_WARN_DIRECT_OBJC_ISA_USAGE = YES_ERROR;
				CLANG_WARN_DOCUMENTATION_COMMENTS = YES;
				CLANG_WARN_EMPTY_BODY = YES;
				CLANG_WARN_ENUM_CONVERSION = YES;
				CLANG_WARN_INFINITE_RECURSION = YES;
				CLANG_WARN_INT_CONVERSION = YES;
				CLANG_WARN_NON_LITERAL_NULL_CONVERSION = YES;
				CLANG_WARN_OBJC_IMPLICIT_RETAIN_SELF = YES;
				CLANG_WARN_OBJC_LITERAL_CONVERSION = YES;
				CLANG_WARN_OBJC_ROOT_CLASS = YES_ERROR;
				CLANG_WARN_QUOTED_INCLUDE_IN_FRAMEWORK_HEADER = YES;
				CLANG_WARN_RANGE_LOOP_ANALYSIS = YES;
				CLANG_WARN_STRICT_PROTOTYPES = YES;
				CLANG_WARN_SUSPICIOUS_MOVE = YES;
				CLANG_WARN_UNGUARDED_AVAILABILITY = YES_AGGRESSIVE;
				CLANG_WARN_UNREACHABLE_CODE = YES;
				CLANG_WARN__DUPLICATE_METHOD_MATCH = YES;
				COPY_PHASE_STRIP = NO;
				DEBUG_INFORMATION_FORMAT = dwarf;
				ENABLE_STRICT_OBJC_MSGSEND = YES;
				ENABLE_TESTABILITY = YES;
				ENABLE_USER_SCRIPT_SANDBOXING = YES;
				GCC_C_LANGUAGE_STANDARD = gnu17;
				GCC_DYNAMIC_NO_PIC = NO;
				GCC_NO_COMMON_BLOCKS = YES;
				GCC_OPTIMIZATION_LEVEL = 0;
				GCC_PREPROCESSOR_DEFINITIONS = (
					"DEBUG=1",
					"$(inherited)",
				);
				GCC_WARN_64_TO_32_BIT_CONVERSION = YES;
				GCC_WARN_ABOUT_RETURN_TYPE = YES_ERROR;
				GCC_WARN_UNDECLARED_SELECTOR = YES;
				GCC_WARN_UNINITIALIZED_AUTOS = YES_AGGRESSIVE;
				GCC_WARN_UNUSED_FUNCTION = YES;
				GCC_WARN_UNUSED_VARIABLE = YES;
				IPHONEOS_DEPLOYMENT_TARGET = 17.5;
				LOCALIZATION_PREFERS_STRING_CATALOGS = YES;
				MTL_ENABLE_DEBUG_INFO = INCLUDE_SOURCE;
				MTL_FAST_MATH = YES;
				ONLY_ACTIVE_ARCH = YES;
				SDKROOT = iphoneos;
				SWIFT_ACTIVE_COMPILATION_CONDITIONS = "DEBUG $(inherited)";
				SWIFT_OPTIMIZATION_LEVEL = "-Onone";
			};
			name = Debug;
		};
		8EF135FA2C7E1D8500963BBA /* Release */ = {
			isa = XCBuildConfiguration;
			buildSettings = {
				ALWAYS_SEARCH_USER_PATHS = NO;
				ASSETCATALOG_COMPILER_GENERATE_SWIFT_ASSET_SYMBOL_EXTENSIONS = YES;
				CLANG_ANALYZER_NONNULL = YES;
				CLANG_ANALYZER_NUMBER_OBJECT_CONVERSION = YES_AGGRESSIVE;
				CLANG_CXX_LANGUAGE_STANDARD = "gnu++20";
				CLANG_ENABLE_MODULES = YES;
				CLANG_ENABLE_OBJC_ARC = YES;
				CLANG_ENABLE_OBJC_WEAK = YES;
				CLANG_WARN_BLOCK_CAPTURE_AUTORELEASING = YES;
				CLANG_WARN_BOOL_CONVERSION = YES;
				CLANG_WARN_COMMA = YES;
				CLANG_WARN_CONSTANT_CONVERSION = YES;
				CLANG_WARN_DEPRECATED_OBJC_IMPLEMENTATIONS = YES;
				CLANG_WARN_DIRECT_OBJC_ISA_USAGE = YES_ERROR;
				CLANG_WARN_DOCUMENTATION_COMMENTS = YES;
				CLANG_WARN_EMPTY_BODY = YES;
				CLANG_WARN_ENUM_CONVERSION = YES;
				CLANG_WARN_INFINITE_RECURSION = YES;
				CLANG_WARN_INT_CONVERSION = YES;
				CLANG_WARN_NON_LITERAL_NULL_CONVERSION = YES;
				CLANG_WARN_OBJC_IMPLICIT_RETAIN_SELF = YES;
				CLANG_WARN_OBJC_LITERAL_CONVERSION = YES;
				CLANG_WARN_OBJC_ROOT_CLASS = YES_ERROR;
				CLANG_WARN_QUOTED_INCLUDE_IN_FRAMEWORK_HEADER = YES;
				CLANG_WARN_RANGE_LOOP_ANALYSIS = YES;
				CLANG_WARN_STRICT_PROTOTYPES = YES;
				CLANG_WARN_SUSPICIOUS_MOVE = YES;
				CLANG_WARN_UNGUARDED_AVAILABILITY = YES_AGGRESSIVE;
				CLANG_WARN_UNREACHABLE_CODE = YES;
				CLANG_WARN__DUPLICATE_METHOD_MATCH = YES;
				COPY_PHASE_STRIP = NO;
				DEBUG_INFORMATION_FORMAT = "dwarf-with-dsym";
				ENABLE_NS_ASSERTIONS = NO;
				ENABLE_STRICT_OBJC_MSGSEND = YES;
				ENABLE_USER_SCRIPT_SANDBOXING = YES;
				GCC_C_LANGUAGE_STANDARD = gnu17;
				GCC_NO_COMMON_BLOCKS = YES;
				GCC_WARN_64_TO_32_BIT_CONVERSION = YES;
				GCC_WARN_ABOUT_RETURN_TYPE = YES_ERROR;
				GCC_WARN_UNDECLARED_SELECTOR = YES;
				GCC_WARN_UNINITIALIZED_AUTOS = YES_AGGRESSIVE;
				GCC_WARN_UNUSED_FUNCTION = YES;
				GCC_WARN_UNUSED_VARIABLE = YES;
				IPHONEOS_DEPLOYMENT_TARGET = 17.5;
				LOCALIZATION_PREFERS_STRING_CATALOGS = YES;
				MTL_ENABLE_DEBUG_INFO = NO;
				MTL_FAST_MATH = YES;
				SDKROOT = iphoneos;
				SWIFT_COMPILATION_MODE = wholemodule;
				VALIDATE_PRODUCT = YES;
			};
			name = Release;
		};
		8EF135FC2C7E1D8500963BBA /* Debug */ = {
			isa = XCBuildConfiguration;
			buildSettings = {
				ASSETCATALOG_COMPILER_APPICON_NAME = AppIcon;
				ASSETCATALOG_COMPILER_GLOBAL_ACCENT_COLOR_NAME = AccentColor;
				CODE_SIGN_STYLE = Automatic;
				CURRENT_PROJECT_VERSION = 1;
				DEVELOPMENT_ASSET_PATHS = "\"SparTestApp/Preview Content\"";
				DEVELOPMENT_TEAM = JVA85S2MQ8;
				ENABLE_PREVIEWS = YES;
				GENERATE_INFOPLIST_FILE = YES;
				INFOPLIST_KEY_CFBundleDisplayName = "Spar Online";
				INFOPLIST_KEY_LSApplicationCategoryType = "public.app-category.shopping";
				INFOPLIST_KEY_UIApplicationSceneManifest_Generation = YES;
				INFOPLIST_KEY_UIApplicationSupportsIndirectInputEvents = YES;
				INFOPLIST_KEY_UILaunchScreen_Generation = YES;
				INFOPLIST_KEY_UISupportedInterfaceOrientations = UIInterfaceOrientationPortrait;
				INFOPLIST_KEY_UISupportedInterfaceOrientations_iPad = "UIInterfaceOrientationLandscapeLeft UIInterfaceOrientationLandscapeRight UIInterfaceOrientationPortrait UIInterfaceOrientationPortraitUpsideDown";
				LD_RUNPATH_SEARCH_PATHS = (
					"$(inherited)",
					"@executable_path/Frameworks",
				);
				MARKETING_VERSION = 1.0;
				PRODUCT_BUNDLE_IDENTIFIER = com.allmycalifornia.SparTestApp;
				PRODUCT_NAME = "$(TARGET_NAME)";
				SUPPORTED_PLATFORMS = "iphoneos iphonesimulator";
				SUPPORTS_MACCATALYST = NO;
				SUPPORTS_MAC_DESIGNED_FOR_IPHONE_IPAD = NO;
				SUPPORTS_XR_DESIGNED_FOR_IPHONE_IPAD = NO;
				SWIFT_EMIT_LOC_STRINGS = YES;
				SWIFT_VERSION = 5.0;
				TARGETED_DEVICE_FAMILY = 1;
			};
			name = Debug;
		};
		8EF135FD2C7E1D8500963BBA /* Release */ = {
			isa = XCBuildConfiguration;
			buildSettings = {
				ASSETCATALOG_COMPILER_APPICON_NAME = AppIcon;
				ASSETCATALOG_COMPILER_GLOBAL_ACCENT_COLOR_NAME = AccentColor;
				CODE_SIGN_STYLE = Automatic;
				CURRENT_PROJECT_VERSION = 1;
				DEVELOPMENT_ASSET_PATHS = "\"SparTestApp/Preview Content\"";
				DEVELOPMENT_TEAM = JVA85S2MQ8;
				ENABLE_PREVIEWS = YES;
				GENERATE_INFOPLIST_FILE = YES;
				INFOPLIST_KEY_CFBundleDisplayName = "Spar Online";
				INFOPLIST_KEY_LSApplicationCategoryType = "public.app-category.shopping";
				INFOPLIST_KEY_UIApplicationSceneManifest_Generation = YES;
				INFOPLIST_KEY_UIApplicationSupportsIndirectInputEvents = YES;
				INFOPLIST_KEY_UILaunchScreen_Generation = YES;
				INFOPLIST_KEY_UISupportedInterfaceOrientations = UIInterfaceOrientationPortrait;
				INFOPLIST_KEY_UISupportedInterfaceOrientations_iPad = "UIInterfaceOrientationLandscapeLeft UIInterfaceOrientationLandscapeRight UIInterfaceOrientationPortrait UIInterfaceOrientationPortraitUpsideDown";
				LD_RUNPATH_SEARCH_PATHS = (
					"$(inherited)",
					"@executable_path/Frameworks",
				);
				MARKETING_VERSION = 1.0;
				PRODUCT_BUNDLE_IDENTIFIER = com.allmycalifornia.SparTestApp;
				PRODUCT_NAME = "$(TARGET_NAME)";
				SUPPORTED_PLATFORMS = "iphoneos iphonesimulator";
				SUPPORTS_MACCATALYST = NO;
				SUPPORTS_MAC_DESIGNED_FOR_IPHONE_IPAD = NO;
				SUPPORTS_XR_DESIGNED_FOR_IPHONE_IPAD = NO;
				SWIFT_EMIT_LOC_STRINGS = YES;
				SWIFT_VERSION = 5.0;
				TARGETED_DEVICE_FAMILY = 1;
			};
			name = Release;
		};
/* End XCBuildConfiguration section */

/* Begin XCConfigurationList section */
		8EF135E82C7E1D8300963BBA /* Build configuration list for PBXProject "SparTestApp" */ = {
			isa = XCConfigurationList;
			buildConfigurations = (
				8EF135F92C7E1D8500963BBA /* Debug */,
				8EF135FA2C7E1D8500963BBA /* Release */,
			);
			defaultConfigurationIsVisible = 0;
			defaultConfigurationName = Release;
		};
		8EF135FB2C7E1D8500963BBA /* Build configuration list for PBXNativeTarget "SparTestApp" */ = {
			isa = XCConfigurationList;
			buildConfigurations = (
				8EF135FC2C7E1D8500963BBA /* Debug */,
				8EF135FD2C7E1D8500963BBA /* Release */,
			);
			defaultConfigurationIsVisible = 0;
			defaultConfigurationName = Release;
		};
/* End XCConfigurationList section */

/* Begin XCRemoteSwiftPackageReference section */
		8EF135FE2C7E1EAF00963BBA /* XCRemoteSwiftPackageReference "UISystem" */ = {
			isa = XCRemoteSwiftPackageReference;
			repositoryURL = "https://github.com/mob-sakai/UISystem";
			requirement = {
				kind = upToNextMajorVersion;
				minimumVersion = 1.0.0;
			};
		};
		8EF135FF2C7E1EB800963BBA /* XCRemoteSwiftPackageReference "Swinject" */ = {
			isa = XCRemoteSwiftPackageReference;
			repositoryURL = "https://github.com/Swinject/Swinject.git";
			requirement = {
				kind = upToNextMajorVersion;
				minimumVersion = 2.9.1;
			};
		};
/* End XCRemoteSwiftPackageReference section */

/* Begin XCSwiftPackageProductDependency section */
		8EF136472C7E231C00963BBA /* UISystem */ = {
			isa = XCSwiftPackageProductDependency;
			package = 8EF135FE2C7E1EAF00963BBA /* XCRemoteSwiftPackageReference "UISystem" */;
			productName = UISystem;
		};
		8EF1364A2C7E237400963BBA /* Swinject */ = {
			isa = XCSwiftPackageProductDependency;
			package = 8EF135FF2C7E1EB800963BBA /* XCRemoteSwiftPackageReference "Swinject" */;
			productName = Swinject;
		};
/* End XCSwiftPackageProductDependency section */
	};
	rootObject = 8EF135E52C7E1D8300963BBA /* Project object */;
}
